
Microsoft Visual Studio Solution File, Format Version 12.00
# Visual Studio Version 16
VisualStudioVersion = 16.0.34407.143
MinimumVisualStudioVersion = 10.0.40219.1
Project("{FAE04EC0-301F-11D3-BF4B-00C04F79EFBC}") = "QuartzEkipAnlatim", "QuartzEkipAnlatim\QuartzEkipAnlatim.csproj", "{4F56AAE7-3DB8-4757-AD10-313837719D74}"
EndProject
Global
	GlobalSection(SolutionConfigurationPlatforms) = preSolution
		Debug|Any CPU = Debug|Any CPU
		Release|Any CPU = Release|Any CPU
	EndGlobalSection
	GlobalSection(ProjectConfigurationPlatforms) = postSolution
		{4F56AAE7-3DB8-4757-AD10-313837719D74}.Debug|Any CPU.ActiveCfg = Debug|Any CPU
		{4F56AAE7-3DB8-4757-AD10-313837719D74}.Debug|Any CPU.Build.0 = Debug|Any CPU
		{4F56AAE7-3DB8-4757-AD10-313837719D74}.Release|Any CPU.ActiveCfg = Release|Any CPU
		{4F56AAE7-3DB8-4757-AD10-313837719D74}.Release|Any CPU.Build.0 = Release|Any CPU
	EndGlobalSection
	GlobalSection(SolutionProperties) = preSolution
		HideSolutionNode = FALSE
	EndGlobalSection
	GlobalSection(ExtensibilityGlobals) = postSolution
		SolutionGuid = {5098A385-A4CB-48B2-AD80-5C5820C09F90}
	EndGlobalSection
EndGlobal
